
Microsoft Visual Studio Solution File, Format Version 12.00
# Visual Studio Version 17
VisualStudioVersion = 17.8.34525.116
MinimumVisualStudioVersion = 10.0.40219.1
Project("{FAE04EC0-301F-11D3-BF4B-00C04F79EFBC}") = "StoreApp", "StoreApp\StoreApp.csproj", "{5385FE63-A153-4F47-9DFA-B6E43BE08BA0}"
EndProject
Global
	GlobalSection(SolutionConfigurationPlatforms) = preSolution
		Debug|Any CPU = Debug|Any CPU
		Release|Any CPU = Release|Any CPU
	EndGlobalSection
	GlobalSection(ProjectConfigurationPlatforms) = postSolution
		{5385FE63-A153-4F47-9DFA-B6E43BE08BA0}.Debug|Any CPU.ActiveCfg = Debug|Any CPU
		{5385FE63-A153-4F47-9DFA-B6E43BE08BA0}.Debug|Any CPU.Build.0 = Debug|Any CPU
		{5385FE63-A153-4F47-9DFA-B6E43BE08BA0}.Debug|Any CPU.Deploy.0 = Debug|Any CPU
		{5385FE63-A153-4F47-9DFA-B6E43BE08BA0}.Release|Any CPU.ActiveCfg = Release|Any CPU
		{5385FE63-A153-4F47-9DFA-B6E43BE08BA0}.Release|Any CPU.Build.0 = Release|Any CPU
		{5385FE63-A153-4F47-9DFA-B6E43BE08BA0}.Release|Any CPU.Deploy.0 = Release|Any CPU
	EndGlobalSection
	GlobalSection(SolutionProperties) = preSolution
		HideSolutionNode = FALSE
	EndGlobalSection
	GlobalSection(ExtensibilityGlobals) = postSolution
		SolutionGuid = {C76AC3F9-65EF-4125-B319-210024BC86DA}
	EndGlobalSection
EndGlobal
